
Microsoft Visual Studio Solution File, Format Version 12.00
# Visual Studio Version 17
VisualStudioVersion = 17.2.32630.192
MinimumVisualStudioVersion = 10.0.40219.1
Project("{778DAE3C-4631-46EA-AA77-85C1314464D9}") = "AnoBissexto", "TestesScript\AnoBissexto.vbproj", "{9F3E5269-FA06-4F42-B956-FB1A361391BD}"
EndProject
Global
	GlobalSection(SolutionConfigurationPlatforms) = preSolution
		Debug|Any CPU = Debug|Any CPU
		Release|Any CPU = Release|Any CPU
	EndGlobalSection
	GlobalSection(ProjectConfigurationPlatforms) = postSolution
		{9F3E5269-FA06-4F42-B956-FB1A361391BD}.Debug|Any CPU.ActiveCfg = Debug|Any CPU
		{9F3E5269-FA06-4F42-B956-FB1A361391BD}.Debug|Any CPU.Build.0 = Debug|Any CPU
		{9F3E5269-FA06-4F42-B956-FB1A361391BD}.Release|Any CPU.ActiveCfg = Release|Any CPU
		{9F3E5269-FA06-4F42-B956-FB1A361391BD}.Release|Any CPU.Build.0 = Release|Any CPU
	EndGlobalSection
	GlobalSection(SolutionProperties) = preSolution
		HideSolutionNode = FALSE
	EndGlobalSection
	GlobalSection(ExtensibilityGlobals) = postSolution
		SolutionGuid = {E47D1A94-D655-452B-B256-090AF0BE94F8}
	EndGlobalSection
EndGlobal
